Microsoft Visual Studio Solution File, Format Version 11.00
# Visual Studio 2012
Project("{34CC47D0-950F-BEFE-56D6-9A22C580DB86}") = "undoManager", "undoManager.vcxproj", "{3A350E18-29D1-FBFF-88E8-01BB70B21F47}"
EndProject
Global
	GlobalSection(SolutionConfigurationPlatforms) = preSolution
		Debug|Win32 = Debug|Win32
		Release|Win32 = Release|Win32
	EndGlobalSection
	GlobalSection(ProjectConfigurationPlatforms) = postSolution
		{3A350E18-29D1-FBFF-88E8-01BB70B21F47}.Debug|Win32.ActiveCfg = Debug|Win32
		{3A350E18-29D1-FBFF-88E8-01BB70B21F47}.Debug|Win32.Build.0 = Debug|Win32
		{3A350E18-29D1-FBFF-88E8-01BB70B21F47}.Release|Win32.ActiveCfg = Release|Win32
		{3A350E18-29D1-FBFF-88E8-01BB70B21F47}.Release|Win32.Build.0 = Release|Win32
	EndGlobalSection
	GlobalSection(SolutionProperties) = preSolution
		HideSolutionNode = FALSE
	EndGlobalSection
EndGlobal
